# THIS IS AN AUTOGENERATED FILE. DO NOT EDIT THIS FILE DIRECTLY.
# yarn lockfile v1


clipboard@^1.5.5:
  version "1.5.16"
  resolved "https://registry.yarnpkg.com/clipboard/-/clipboard-1.5.16.tgz#916d5e739b0064be61b0b48a535731ecaef3d367"
  dependencies:
    good-listener "^1.2.0"
    select "^1.0.6"
    tiny-emitter "^1.0.0"

delegate@^3.1.1:
  version "3.1.1"
  resolved "https://registry.yarnpkg.com/delegate/-/delegate-3.1.1.tgz#22a0e3ea8776c7f89e02d5950942ef9cdfd019cf"

good-listener@^1.2.0:
  version "1.2.1"
  resolved "https://registry.yarnpkg.com/good-listener/-/good-listener-1.2.1.tgz#4c5b4681a3e8c91b00f1cb12d89a23b32473547b"
  dependencies:
    delegate "^3.1.1"

prismjs@^1.6.0:
  version "1.6.0"
  resolved "https://registry.yarnpkg.com/prismjs/-/prismjs-1.6.0.tgz#118d95fb7a66dba2272e343b345f5236659db365"
  optionalDependencies:
    clipboard "^1.5.5"

select@^1.0.6:
  version "1.1.0"
  resolved "https://registry.yarnpkg.com/select/-/select-1.1.0.tgz#a6c520cd9ab919ad81c7d1a273e0452f504dd7a2"

tiny-emitter@^1.0.0:
  version "1.1.0"
  resolved "https://registry.yarnpkg.com/tiny-emitter/-/tiny-emitter-1.1.0.tgz#ab405a21ffed814a76c19739648093d70654fecb"
